{
  "name": "gz",
  "lockfileVersion": 3,
  "requires": true,
  "packages": {
    "": {
      "dependencies": {
        "@chiaboon/opencode-agent-memory": "^1.0.6"
      }
    },
    "node_modules/@chiaboon/opencode-agent-memory": {
      "version": "1.0.6",
      "resolved": "https://registry.npmjs.org/@chiaboon/opencode-agent-memory/-/opencode-agent-memory-1.0.6.tgz",
      "integrity": "sha512-FINiH4y9HvHOZeqegzPESMbr36yYJc94VNH9AfW0EBPBtWrnf7Jhco1w+Ftqu2d60KEPAHeEZnFWF1aMigVang==",
      "license": "Apache-2.0",
      "bin": {
        "agent-memory": "bin/agent-memory.py"
      },
      "peerDependencies": {
        "@opencode-ai/plugin": ">=1.0.0"
      }
    },
    "node_modules/@opencode-ai/plugin": {
      "version": "1.2.26",
      "resolved": "https://registry.npmjs.org/@opencode-ai/plugin/-/plugin-1.2.26.tgz",
      "integrity": "sha512-pC71KGAI9T0+S84KpbEq9THp5pT7KOq+GmfdXkvQ7KSH5zi+iASWRhqorir73sKmEj2MQfpbe1BxdcU5qbeOwA==",
      "license": "MIT",
      "peer": true,
      "dependencies": {
        "@opencode-ai/sdk": "1.2.26",
        "zod": "4.1.8"
      }
    },
    "node_modules/@opencode-ai/sdk": {
      "version": "1.2.26",
      "resolved": "https://registry.npmjs.org/@opencode-ai/sdk/-/sdk-1.2.26.tgz",
      "integrity": "sha512-HPB+0pfvTMPj2KEjNLF3oqgldKW8koTJ7ssqXwzndazqxS+gUynzvdIKIQP4+QIInNcc5nJMG9JtfLcePGgTLQ==",
      "license": "MIT"
    },
    "node_modules/zod": {
      "version": "4.1.8",
      "resolved": "https://registry.npmjs.org/zod/-/zod-4.1.8.tgz",
      "integrity": "sha512-5R1P+WwQqmmMIEACyzSvo4JXHY5WiAFHRMg+zBZKgKS+Q1viRa0C1hmUKtHltoIFKtIdki3pRxkmpP74jnNYHQ==",
      "license": "MIT",
      "funding": {
        "url": "https://github.com/sponsors/colinhacks"
      }
    }
  }
}
